// !$*UTF8*$!
{
	archiveVersion = 1;
	classes = {
	};
	objectVersion = 46;
	objects = {

/* Begin PBXBuildFile section */
		4ED7921672F85520FD9E7981 /* Pods_SpyFall.framework in Frameworks */ = {isa = PBXBuildFile; fileRef = 2BDABF862C19E8B62682CF28 /* Pods_SpyFall.framework */; };
		6501801F1F33361C006C515D /* DataManager.swift in Sources */ = {isa = PBXBuildFile; fileRef = 6501801E1F33361C006C515D /* DataManager.swift */; };
		6567558F1F2EA86A00E615C2 /* Match.swift in Sources */ = {isa = PBXBuildFile; fileRef = 6567558E1F2EA86A00E615C2 /* Match.swift */; };
		656755911F2EC77000E615C2 /* SquareButton.swift in Sources */ = {isa = PBXBuildFile; fileRef = 656755901F2EC77000E615C2 /* SquareButton.swift */; };
		657222801F2E7B4C008048B2 /* AppDelegate.swift in Sources */ = {isa = PBXBuildFile; fileRef = 6572227F1F2E7B4C008048B2 /* AppDelegate.swift */; };
		657222851F2E7B4C008048B2 /* Main.storyboard in Resources */ = {isa = PBXBuildFile; fileRef = 657222831F2E7B4C008048B2 /* Main.storyboard */; };
		657222871F2E7B4C008048B2 /* Assets.xcassets in Resources */ = {isa = PBXBuildFile; fileRef = 657222861F2E7B4C008048B2 /* Assets.xcassets */; };
		6572228A1F2E7B4C008048B2 /* LaunchScreen.storyboard in Resources */ = {isa = PBXBuildFile; fileRef = 657222881F2E7B4C008048B2 /* LaunchScreen.storyboard */; };
		6598B4061F30A92500A43D0B /* GoogleService-Info.plist in Resources */ = {isa = PBXBuildFile; fileRef = 6598B4051F30A92500A43D0B /* GoogleService-Info.plist */; };
		65B233121F2F8050001DA91C /* MenuViewController.swift in Sources */ = {isa = PBXBuildFile; fileRef = 65B233111F2F8050001DA91C /* MenuViewController.swift */; };
		65B233141F2F808E001DA91C /* LobbyViewController.swift in Sources */ = {isa = PBXBuildFile; fileRef = 65B233131F2F808E001DA91C /* LobbyViewController.swift */; };
		65B233161F2F8C32001DA91C /* Player.swift in Sources */ = {isa = PBXBuildFile; fileRef = 65B233151F2F8C32001DA91C /* Player.swift */; };
		65B233181F2F8C3A001DA91C /* Location.swift in Sources */ = {isa = PBXBuildFile; fileRef = 65B233171F2F8C3A001DA91C /* Location.swift */; };
		65B2331E1F2F96AA001DA91C /* PlayerTableViewCell.swift in Sources */ = {isa = PBXBuildFile; fileRef = 65B2331D1F2F96AA001DA91C /* PlayerTableViewCell.swift */; };
		65B233221F2F9BA4001DA91C /* PlayerTableViewController.swift in Sources */ = {isa = PBXBuildFile; fileRef = 65B233211F2F9BA4001DA91C /* PlayerTableViewController.swift */; };
		65B233241F2FB2EA001DA91C /* RoundViewController.swift in Sources */ = {isa = PBXBuildFile; fileRef = 65B233231F2FB2EA001DA91C /* RoundViewController.swift */; };
/* End PBXBuildFile section */

/* Begin PBXFileReference section */
		0DAEF0997BB168CAAB8F6026 /* Pods-SpyFall.release.xcconfig */ = {isa = PBXFileReference; includeInIndex = 1; lastKnownFileType = text.xcconfig; name = "Pods-SpyFall.release.xcconfig"; path = "Pods/Target Support Files/Pods-SpyFall/Pods-SpyFall.release.xcconfig"; sourceTree = "<group>"; };
		1872F951F88ED432448A0D30 /* Pods-SpyFall.debug.xcconfig */ = {isa = PBXFileReference; includeInIndex = 1; lastKnownFileType = text.xcconfig; name = "Pods-SpyFall.debug.xcconfig"; path = "Pods/Target Support Files/Pods-SpyFall/Pods-SpyFall.debug.xcconfig"; sourceTree = "<group>"; };
		2BDABF862C19E8B62682CF28 /* Pods_SpyFall.framework */ = {isa = PBXFileReference; explicitFileType = wrapper.framework; includeInIndex = 0; path = Pods_SpyFall.framework; sourceTree = BUILT_PRODUCTS_DIR; };
		6501801E1F33361C006C515D /* DataManager.swift */ = {isa = PBXFileReference; fileEncoding = 4; indentWidth = 2; lastKnownFileType = sourcecode.swift; path = DataManager.swift; sourceTree = "<group>"; tabWidth = 2; };
		6567558E1F2EA86A00E615C2 /* Match.swift */ = {isa = PBXFileReference; fileEncoding = 4; indentWidth = 2; lastKnownFileType = sourcecode.swift; path = Match.swift; sourceTree = "<group>"; tabWidth = 2; };
		656755901F2EC77000E615C2 /* SquareButton.swift */ = {isa = PBXFileReference; fileEncoding = 4; lastKnownFileType = sourcecode.swift; path = SquareButton.swift; sourceTree = "<group>"; };
		6572227C1F2E7B4C008048B2 /* SpyFall.app */ = {isa = PBXFileReference; explicitFileType = wrapper.application; includeInIndex = 0; path = SpyFall.app; sourceTree = BUILT_PRODUCTS_DIR; };
		6572227F1F2E7B4C008048B2 /* AppDelegate.swift */ = {isa = PBXFileReference; lastKnownFileType = sourcecode.swift; path = AppDelegate.swift; sourceTree = "<group>"; };
		657222841F2E7B4C008048B2 /* Base */ = {isa = PBXFileReference; lastKnownFileType = file.storyboard; name = Base; path = Base.lproj/Main.storyboard; sourceTree = "<group>"; };
		657222861F2E7B4C008048B2 /* Assets.xcassets */ = {isa = PBXFileReference; lastKnownFileType = folder.assetcatalog; path = Assets.xcassets; sourceTree = "<group>"; };
		657222891F2E7B4C008048B2 /* Base */ = {isa = PBXFileReference; lastKnownFileType = file.storyboard; name = Base; path = Base.lproj/LaunchScreen.storyboard; sourceTree = "<group>"; };
		6572228B1F2E7B4C008048B2 /* Info.plist */ = {isa = PBXFileReference; lastKnownFileType = text.plist.xml; path = Info.plist; sourceTree = "<group>"; };
		6598B4051F30A92500A43D0B /* GoogleService-Info.plist */ = {isa = PBXFileReference; fileEncoding = 4; lastKnownFileType = text.plist.xml; name = "GoogleService-Info.plist"; path = "../GoogleService-Info.plist"; sourceTree = "<group>"; };
		65B233111F2F8050001DA91C /* MenuViewController.swift */ = {isa = PBXFileReference; fileEncoding = 4; indentWidth = 2; lastKnownFileType = sourcecode.swift; path = MenuViewController.swift; sourceTree = "<group>"; tabWidth = 2; };
		65B233131F2F808E001DA91C /* LobbyViewController.swift */ = {isa = PBXFileReference; fileEncoding = 4; indentWidth = 2; lastKnownFileType = sourcecode.swift; path = LobbyViewController.swift; sourceTree = "<group>"; tabWidth = 2; };
		65B233151F2F8C32001DA91C /* Player.swift */ = {isa = PBXFileReference; fileEncoding = 4; indentWidth = 2; lastKnownFileType = sourcecode.swift; path = Player.swift; sourceTree = "<group>"; tabWidth = 2; };
		65B233171F2F8C3A001DA91C /* Location.swift */ = {isa = PBXFileReference; fileEncoding = 4; lastKnownFileType = sourcecode.swift; path = Location.swift; sourceTree = "<group>"; };
		65B2331D1F2F96AA001DA91C /* PlayerTableViewCell.swift */ = {isa = PBXFileReference; fileEncoding = 4; lastKnownFileType = sourcecode.swift; path = PlayerTableViewCell.swift; sourceTree = "<group>"; };
		65B233211F2F9BA4001DA91C /* PlayerTableViewController.swift */ = {isa = PBXFileReference; fileEncoding = 4; lastKnownFileType = sourcecode.swift; path = PlayerTableViewController.swift; sourceTree = "<group>"; };
		65B233231F2FB2EA001DA91C /* RoundViewController.swift */ = {isa = PBXFileReference; fileEncoding = 4; indentWidth = 2; lastKnownFileType = sourcecode.swift; path = RoundViewController.swift; sourceTree = "<group>"; tabWidth = 2; };
/* End PBXFileReference section */

/* Begin PBXFrameworksBuildPhase section */
		657222791F2E7B4C008048B2 /* Frameworks */ = {
			isa = PBXFrameworksBuildPhase;
			buildActionMask = 2147483647;
			files = (
				4ED7921672F85520FD9E7981 /* Pods_SpyFall.framework in Frameworks */,
			);
			runOnlyForDeploymentPostprocessing = 0;
		};
/* End PBXFrameworksBuildPhase section */

/* Begin PBXGroup section */
		657222731F2E7B4C008048B2 = {
			isa = PBXGroup;
			children = (
				65B233211F2F9BA4001DA91C /* PlayerTableViewController.swift */,
				6572227E1F2E7B4C008048B2 /* SpyFall */,
				6572227D1F2E7B4C008048B2 /* Products */,
				FD97013A44A6BC4FFAD19B23 /* Pods */,
				78B1CB457D8D1C0382CE3937 /* Frameworks */,
			);
			sourceTree = "<group>";
		};
		6572227D1F2E7B4C008048B2 /* Products */ = {
			isa = PBXGroup;
			children = (
				6572227C1F2E7B4C008048B2 /* SpyFall.app */,
			);
			name = Products;
			sourceTree = "<group>";
		};
		6572227E1F2E7B4C008048B2 /* SpyFall */ = {
			isa = PBXGroup;
			children = (
				65B233191F2F8C5C001DA91C /* MODEL */,
				65B2331B1F2F8C64001DA91C /* VIEW */,
				65B2331A1F2F8C62001DA91C /* CONTROLLER */,
				65B2331C1F2F8C6D001DA91C /* Supporting */,
			);
			path = SpyFall;
			sourceTree = "<group>";
		};
		65B233191F2F8C5C001DA91C /* MODEL */ = {
			isa = PBXGroup;
			children = (
				6567558E1F2EA86A00E615C2 /* Match.swift */,
				6501801E1F33361C006C515D /* DataManager.swift */,
				65B233151F2F8C32001DA91C /* Player.swift */,
				65B233171F2F8C3A001DA91C /* Location.swift */,
			);
			name = MODEL;
			sourceTree = "<group>";
		};
		65B2331A1F2F8C62001DA91C /* CONTROLLER */ = {
			isa = PBXGroup;
			children = (
				65B233111F2F8050001DA91C /* MenuViewController.swift */,
				65B233131F2F808E001DA91C /* LobbyViewController.swift */,
				65B233231F2FB2EA001DA91C /* RoundViewController.swift */,
			);
			name = CONTROLLER;
			sourceTree = "<group>";
		};
		65B2331B1F2F8C64001DA91C /* VIEW */ = {
			isa = PBXGroup;
			children = (
				657222831F2E7B4C008048B2 /* Main.storyboard */,
				657222881F2E7B4C008048B2 /* LaunchScreen.storyboard */,
				65B2331D1F2F96AA001DA91C /* PlayerTableViewCell.swift */,
				656755901F2EC77000E615C2 /* SquareButton.swift */,
			);
			name = VIEW;
			sourceTree = "<group>";
		};
		65B2331C1F2F8C6D001DA91C /* Supporting */ = {
			isa = PBXGroup;
			children = (
				6572227F1F2E7B4C008048B2 /* AppDelegate.swift */,
				657222861F2E7B4C008048B2 /* Assets.xcassets */,
				6572228B1F2E7B4C008048B2 /* Info.plist */,
				6598B4051F30A92500A43D0B /* GoogleService-Info.plist */,
			);
			name = Supporting;
			sourceTree = "<group>";
		};
		78B1CB457D8D1C0382CE3937 /* Frameworks */ = {
			isa = PBXGroup;
			children = (
				2BDABF862C19E8B62682CF28 /* Pods_SpyFall.framework */,
			);
			name = Frameworks;
			sourceTree = "<group>";
		};
		FD97013A44A6BC4FFAD19B23 /* Pods */ = {
			isa = PBXGroup;
			children = (
				1872F951F88ED432448A0D30 /* Pods-SpyFall.debug.xcconfig */,
				0DAEF0997BB168CAAB8F6026 /* Pods-SpyFall.release.xcconfig */,
			);
			name = Pods;
			sourceTree = "<group>";
		};
/* End PBXGroup section */

/* Begin PBXNativeTarget section */
		6572227B1F2E7B4C008048B2 /* SpyFall */ = {
			isa = PBXNativeTarget;
			buildConfigurationList = 6572228E1F2E7B4C008048B2 /* Build configuration list for PBXNativeTarget "SpyFall" */;
			buildPhases = (
				ACAEBB12984ECD571281FAFF /* [CP] Check Pods Manifest.lock */,
				657222781F2E7B4C008048B2 /* Sources */,
				657222791F2E7B4C008048B2 /* Frameworks */,
				6572227A1F2E7B4C008048B2 /* Resources */,
				EA3ACA9985F7A5C10499FBC2 /* [CP] Embed Pods Frameworks */,
				1D78C2A45689C942D5508958 /* [CP] Copy Pods Resources */,
			);
			buildRules = (
			);
			dependencies = (
			);
			name = SpyFall;
			productName = SpyFall;
			productReference = 6572227C1F2E7B4C008048B2 /* SpyFall.app */;
			productType = "com.apple.product-type.application";
		};
/* End PBXNativeTarget section */

/* Begin PBXProject section */
		657222741F2E7B4C008048B2 /* Project object */ = {
			isa = PBXProject;
			attributes = {
				LastSwiftUpdateCheck = 0830;
				LastUpgradeCheck = 0830;
				ORGANIZATIONNAME = "Rogue Studios";
				TargetAttributes = {
					6572227B1F2E7B4C008048B2 = {
						CreatedOnToolsVersion = 8.3.3;
						DevelopmentTeam = 2T3457P6TK;
						ProvisioningStyle = Automatic;
					};
				};
			};
			buildConfigurationList = 657222771F2E7B4C008048B2 /* Build configuration list for PBXProject "SpyFall" */;
			compatibilityVersion = "Xcode 3.2";
			developmentRegion = English;
			hasScannedForEncodings = 0;
			knownRegions = (
				en,
				Base,
			);
			mainGroup = 657222731F2E7B4C008048B2;
			productRefGroup = 6572227D1F2E7B4C008048B2 /* Products */;
			projectDirPath = "";
			projectRoot = "";
			targets = (
				6572227B1F2E7B4C008048B2 /* SpyFall */,
			);
		};
/* End PBXProject section */

/* Begin PBXResourcesBuildPhase section */
		6572227A1F2E7B4C008048B2 /* Resources */ = {
			isa = PBXResourcesBuildPhase;
			buildActionMask = 2147483647;
			files = (
				6572228A1F2E7B4C008048B2 /* LaunchScreen.storyboard in Resources */,
				6598B4061F30A92500A43D0B /* GoogleService-Info.plist in Resources */,
				657222871F2E7B4C008048B2 /* Assets.xcassets in Resources */,
				657222851F2E7B4C008048B2 /* Main.storyboard in Resources */,
			);
			runOnlyForDeploymentPostprocessing = 0;
		};
/* End PBXResourcesBuildPhase section */

/* Begin PBXShellScriptBuildPhase section */
		1D78C2A45689C942D5508958 /* [CP] Copy Pods Resources */ = {
			isa = PBXShellScriptBuildPhase;
			buildActionMask = 2147483647;
			files = (
			);
			inputPaths = (
			);
			name = "[CP] Copy Pods Resources";
			outputPaths = (
			);
			runOnlyForDeploymentPostprocessing = 0;
			shellPath = /bin/sh;
			shellScript = "\"${SRCROOT}/Pods/Target Support Files/Pods-SpyFall/Pods-SpyFall-resources.sh\"\n";
			showEnvVarsInLog = 0;
		};
		ACAEBB12984ECD571281FAFF /* [CP] Check Pods Manifest.lock */ = {
			isa = PBXShellScriptBuildPhase;
			buildActionMask = 2147483647;
			files = (
			);
			inputPaths = (
			);
			name = "[CP] Check Pods Manifest.lock";
			outputPaths = (
			);
			runOnlyForDeploymentPostprocessing = 0;
			shellPath = /bin/sh;
			shellScript = "diff \"${PODS_PODFILE_DIR_PATH}/Podfile.lock\" \"${PODS_ROOT}/Manifest.lock\" > /dev/null\nif [ $? != 0 ] ; then\n    # print error to STDERR\n    echo \"error: The sandbox is not in sync with the Podfile.lock. Run 'pod install' or update your CocoaPods installation.\" >&2\n    exit 1\nfi\n";
			showEnvVarsInLog = 0;
		};
		EA3ACA9985F7A5C10499FBC2 /* [CP] Embed Pods Frameworks */ = {
			isa = PBXShellScriptBuildPhase;
			buildActionMask = 2147483647;
			files = (
			);
			inputPaths = (
			);
			name = "[CP] Embed Pods Frameworks";
			outputPaths = (
			);
			runOnlyForDeploymentPostprocessing = 0;
			shellPath = /bin/sh;
			shellScript = "\"${SRCROOT}/Pods/Target Support Files/Pods-SpyFall/Pods-SpyFall-frameworks.sh\"\n";
			showEnvVarsInLog = 0;
		};
/* End PBXShellScriptBuildPhase section */

/* Begin PBXSourcesBuildPhase section */
		657222781F2E7B4C008048B2 /* Sources */ = {
			isa = PBXSourcesBuildPhase;
			buildActionMask = 2147483647;
			files = (
				6567558F1F2EA86A00E615C2 /* Match.swift in Sources */,
				65B233141F2F808E001DA91C /* LobbyViewController.swift in Sources */,
				657222801F2E7B4C008048B2 /* AppDelegate.swift in Sources */,
				656755911F2EC77000E615C2 /* SquareButton.swift in Sources */,
				65B2331E1F2F96AA001DA91C /* PlayerTableViewCell.swift in Sources */,
				65B233161F2F8C32001DA91C /* Player.swift in Sources */,
				65B233121F2F8050001DA91C /* MenuViewController.swift in Sources */,
				65B233241F2FB2EA001DA91C /* RoundViewController.swift in Sources */,
				6501801F1F33361C006C515D /* DataManager.swift in Sources */,
				65B233181F2F8C3A001DA91C /* Location.swift in Sources */,
				65B233221F2F9BA4001DA91C /* PlayerTableViewController.swift in Sources */,
			);
			runOnlyForDeploymentPostprocessing = 0;
		};
/* End PBXSourcesBuildPhase section */

/* Begin PBXVariantGroup section */
		657222831F2E7B4C008048B2 /* Main.storyboard */ = {
			isa = PBXVariantGroup;
			children = (
				657222841F2E7B4C008048B2 /* Base */,
			);
			name = Main.storyboard;
			sourceTree = "<group>";
		};
		657222881F2E7B4C008048B2 /* LaunchScreen.storyboard */ = {
			isa = PBXVariantGroup;
			children = (
				657222891F2E7B4C008048B2 /* Base */,
			);
			name = LaunchScreen.storyboard;
			sourceTree = "<group>";
		};
/* End PBXVariantGroup section */

/* Begin XCBuildConfiguration section */
		6572228C1F2E7B4C008048B2 /* Debug */ = {
			isa = XCBuildConfiguration;
			buildSettings = {
				ALWAYS_SEARCH_USER_PATHS = NO;
				CLANG_ANALYZER_NONNULL = YES;
				CLANG_ANALYZER_NUMBER_OBJECT_CONVERSION = YES_AGGRESSIVE;
				CLANG_CXX_LANGUAGE_STANDARD = "gnu++0x";
				CLANG_CXX_LIBRARY = "libc++";
				CLANG_ENABLE_MODULES = YES;
				CLANG_ENABLE_OBJC_ARC = YES;
				CLANG_WARN_BOOL_CONVERSION = YES;
				CLANG_WARN_CONSTANT_CONVERSION = YES;
				CLANG_WARN_DIRECT_OBJC_ISA_USAGE = YES_ERROR;
				CLANG_WARN_DOCUMENTATION_COMMENTS = YES;
				CLANG_WARN_EMPTY_BODY = YES;
				CLANG_WARN_ENUM_CONVERSION = YES;
				CLANG_WARN_INFINITE_RECURSION = YES;
				CLANG_WARN_INT_CONVERSION = YES;
				CLANG_WARN_OBJC_ROOT_CLASS = YES_ERROR;
				CLANG_WARN_SUSPICIOUS_MOVE = YES;
				CLANG_WARN_UNREACHABLE_CODE = YES;
				CLANG_WARN__DUPLICATE_METHOD_MATCH = YES;
				"CODE_SIGN_IDENTITY[sdk=iphoneos*]" = "iPhone Developer";
				COPY_PHASE_STRIP = NO;
				DEBUG_INFORMATION_FORMAT = dwarf;
				ENABLE_STRICT_OBJC_MSGSEND = YES;
				ENABLE_TESTABILITY = YES;
				GCC_C_LANGUAGE_STANDARD = gnu99;
				GCC_DYNAMIC_NO_PIC = NO;
				GCC_NO_COMMON_BLOCKS = YES;
				GCC_OPTIMIZATION_LEVEL = 0;
				GCC_PREPROCESSOR_DEFINITIONS = (
					"DEBUG=1",
					"$(inherited)",
				);
				GCC_WARN_64_TO_32_BIT_CONVERSION = YES;
				GCC_WARN_ABOUT_RETURN_TYPE = YES_ERROR;
				GCC_WARN_UNDECLARED_SELECTOR = YES;
				GCC_WARN_UNINITIALIZED_AUTOS = YES_AGGRESSIVE;
				GCC_WARN_UNUSED_FUNCTION = YES;
				GCC_WARN_UNUSED_VARIABLE = YES;
				IPHONEOS_DEPLOYMENT_TARGET = 10.3;
				MTL_ENABLE_DEBUG_INFO = YES;
				ONLY_ACTIVE_ARCH = YES;
				SDKROOT = iphoneos;
				SWIFT_ACTIVE_COMPILATION_CONDITIONS = DEBUG;
				SWIFT_OPTIMIZATION_LEVEL = "-Onone";
				TARGETED_DEVICE_FAMILY = "1,2";
			};
			name = Debug;
		};
		6572228D1F2E7B4C008048B2 /* Release */ = {
			isa = XCBuildConfiguration;
			buildSettings = {
				ALWAYS_SEARCH_USER_PATHS = NO;
				CLANG_ANALYZER_NONNULL = YES;
				CLANG_ANALYZER_NUMBER_OBJECT_CONVERSION = YES_AGGRESSIVE;
				CLANG_CXX_LANGUAGE_STANDARD = "gnu++0x";
				CLANG_CXX_LIBRARY = "libc++";
				CLANG_ENABLE_MODULES = YES;
				CLANG_ENABLE_OBJC_ARC = YES;
				CLANG_WARN_BOOL_CONVERSION = YES;
				CLANG_WARN_CONSTANT_CONVERSION = YES;
				CLANG_WARN_DIRECT_OBJC_ISA_USAGE = YES_ERROR;
				CLANG_WARN_DOCUMENTATION_COMMENTS = YES;
				CLANG_WARN_EMPTY_BODY = YES;
				CLANG_WARN_ENUM_CONVERSION = YES;
				CLANG_WARN_INFINITE_RECURSION = YES;
				CLANG_WARN_INT_CONVERSION = YES;
				CLANG_WARN_OBJC_ROOT_CLASS = YES_ERROR;
				CLANG_WARN_SUSPICIOUS_MOVE = YES;
				CLANG_WARN_UNREACHABLE_CODE = YES;
				CLANG_WARN__DUPLICATE_METHOD_MATCH = YES;
				"CODE_SIGN_IDENTITY[sdk=iphoneos*]" = "iPhone Developer";
				COPY_PHASE_STRIP = NO;
				DEBUG_INFORMATION_FORMAT = "dwarf-with-dsym";
				ENABLE_NS_ASSERTIONS = NO;
				ENABLE_STRICT_OBJC_MSGSEND = YES;
				GCC_C_LANGUAGE_STANDARD = gnu99;
				GCC_NO_COMMON_BLOCKS = YES;
				GCC_WARN_64_TO_32_BIT_CONVERSION = YES;
				GCC_WARN_ABOUT_RETURN_TYPE = YES_ERROR;
				GCC_WARN_UNDECLARED_SELECTOR = YES;
				GCC_WARN_UNINITIALIZED_AUTOS = YES_AGGRESSIVE;
				GCC_WARN_UNUSED_FUNCTION = YES;
				GCC_WARN_UNUSED_VARIABLE = YES;
				IPHONEOS_DEPLOYMENT_TARGET = 10.3;
				MTL_ENABLE_DEBUG_INFO = NO;
				SDKROOT = iphoneos;
				SWIFT_OPTIMIZATION_LEVEL = "-Owholemodule";
				TARGETED_DEVICE_FAMILY = "1,2";
				VALIDATE_PRODUCT = YES;
			};
			name = Release;
		};
		6572228F1F2E7B4C008048B2 /* Debug */ = {
			isa = XCBuildConfiguration;
			baseConfigurationReference = 1872F951F88ED432448A0D30 /* Pods-SpyFall.debug.xcconfig */;
			buildSettings = {
				ASSETCATALOG_COMPILER_APPICON_NAME = AppIcon;
				DEVELOPMENT_TEAM = 2T3457P6TK;
				INFOPLIST_FILE = SpyFall/Info.plist;
				LD_RUNPATH_SEARCH_PATHS = "$(inherited) @executable_path/Frameworks";
				PRODUCT_BUNDLE_IDENTIFIER = co.roguestudios.SpyFall;
				PRODUCT_NAME = "$(TARGET_NAME)";
				SWIFT_VERSION = 3.0;
			};
			name = Debug;
		};
		657222901F2E7B4C008048B2 /* Release */ = {
			isa = XCBuildConfiguration;
			baseConfigurationReference = 0DAEF0997BB168CAAB8F6026 /* Pods-SpyFall.release.xcconfig */;
			buildSettings = {
				ASSETCATALOG_COMPILER_APPICON_NAME = AppIcon;
				DEVELOPMENT_TEAM = 2T3457P6TK;
				INFOPLIST_FILE = SpyFall/Info.plist;
				LD_RUNPATH_SEARCH_PATHS = "$(inherited) @executable_path/Frameworks";
				PRODUCT_BUNDLE_IDENTIFIER = co.roguestudios.SpyFall;
				PRODUCT_NAME = "$(TARGET_NAME)";
				SWIFT_VERSION = 3.0;
			};
			name = Release;
		};
/* End XCBuildConfiguration section */

/* Begin XCConfigurationList section */
		657222771F2E7B4C008048B2 /* Build configuration list for PBXProject "SpyFall" */ = {
			isa = XCConfigurationList;
			buildConfigurations = (
				6572228C1F2E7B4C008048B2 /* Debug */,
				6572228D1F2E7B4C008048B2 /* Release */,
			);
			defaultConfigurationIsVisible = 0;
			defaultConfigurationName = Release;
		};
		6572228E1F2E7B4C008048B2 /* Build configuration list for PBXNativeTarget "SpyFall" */ = {
			isa = XCConfigurationList;
			buildConfigurations = (
				6572228F1F2E7B4C008048B2 /* Debug */,
				657222901F2E7B4C008048B2 /* Release */,
			);
			defaultConfigurationIsVisible = 0;
			defaultConfigurationName = Release;
		};
/* End XCConfigurationList section */
	};
	rootObject = 657222741F2E7B4C008048B2 /* Project object */;
}
